# auto-generated by tsdown-lock
# DO NOT EDIT
version: 1
hash: sha256:ef5e4523141e75cd0eba68c90797cb2c3bec29247824d9e801e2ad5e6cbfc6db
config:
  tsdown.config.ts: sha256:7db541e07be6bee5a8bec22549abe713f089520a2194823cc6c6b923aabd0905
lockfile:
  pnpm-lock.yaml: sha256:22c442b7e8262d84815b6defdc5a5a60636a868d523c02677fccb547861356db
sources:
  src/check.ts: sha256:bad9b37f36a557e3143ec5533410197820c8e59625d875b616d95217f801e951
  src/cli.ts: sha256:2080990ef8157e6dfa882251105015a510c9dcabafbcd14052c8ec2f3574b47f
  src/detect.ts: sha256:b0810b5f5a14afdc66636fa06cc6a52834950972268eaa258e0269ad9525ec64
  src/hash.ts: sha256:6b894ecdd2f5c4983c50d1fc67e67553a0d0e55cceb5ac2bb97149c37919b5a3
  src/index.ts: sha256:3c2e938c4a40fb115847fa4ee6dbe338197f7ef910214157268d1f79799cdece
  src/lockfile.ts: sha256:bac6e0a3be2ab932999e850c664fc7febf067987a65bb33614cd9d795d34359e
  src/plugin.ts: sha256:658a4bdadb97627f9454527a14430d947cfe35d032329b11e92f9db9b664d574
  src/types.ts: sha256:230e9311c753cbf6ef41a62c88cc2836e1fc3745e61f73242b2c12c3ae1a6176
outputs:
  dist/check-DXz3aI4n.mjs: sha256:085bb9998420da70bef8e1dc1edc4a32338150fa0db4fd5b949eeea1a5dd14de
  dist/cli.d.mts: sha256:4f1bad288ada6326583a3e6a0a54d7627a03eac3b668adeea9dded12ac5656b8
  dist/cli.mjs: sha256:2a92695178a6fe66fb4b23491b52518bb4ded28671e333f578e10d6525a6d66b
  dist/index.d.mts: sha256:1d9f10145dc51ef8cd503c7083e0afaae69775eec9f5fb8c99faebea6016090d
  dist/index.mjs: sha256:02c17bcbd899c717cac901a28900dfbd2c46ceb044d710b25d18be3bca4a24cb
